{
  "nodes": {
    "darwin": {
      "inputs": {
        "nixpkgs": [
          "nixpkgs"
        ]
      },
      "locked": {
        "lastModified": 1748149228,
        "narHash": "sha256-mmonYFesFo42UUS49Hd0bcbVJRWX/aHBCDYUkkvylf4=",
        "owner": "LnL7",
        "repo": "nix-darwin",
        "rev": "a9939228f661df370c4094fe85f683e45d761dbe",
        "type": "github"
      },
      "original": {
        "owner": "LnL7",
        "repo": "nix-darwin",
        "type": "github"
      }
    },
    "hardware": {
      "locked": {
        "lastModified": 1747900541,
        "narHash": "sha256-dn64Pg9xLETjblwZs9Euu/SsjW80pd6lr5qSiyLY1pg=",
        "owner": "NixOS",
        "repo": "nixos-hardware",
        "rev": "11f2d9ea49c3e964315215d6baa73a8d42672f06",
        "type": "github"
      },
      "original": {
        "owner": "NixOS",
        "repo": "nixos-hardware",
        "type": "github"
      }
    },
    "home-manager": {
      "inputs": {
        "nixpkgs": [
          "nixpkgs"
        ]
      },
      "locked": {
        "lastModified": 1748134483,
        "narHash": "sha256-5PBK1nV8X39K3qUj8B477Aa2RdbLq3m7wRxUKRtggX4=",
        "owner": "nix-community",
        "repo": "home-manager",
        "rev": "c1e671036224089937e111e32ea899f59181c383",
        "type": "github"
      },
      "original": {
        "owner": "nix-community",
        "repo": "home-manager",
        "type": "github"
      }
    },
    "nixpkgs": {
      "locked": {
        "lastModified": 1748026106,
        "narHash": "sha256-6m1Y3/4pVw1RWTsrkAK2VMYSzG4MMIj7sqUy7o8th1o=",
        "owner": "NixOS",
        "repo": "nixpkgs",
        "rev": "063f43f2dbdef86376cc29ad646c45c46e93234c",
        "type": "github"
      },
      "original": {
        "owner": "NixOS",
        "ref": "nixos-unstable",
        "repo": "nixpkgs",
        "type": "github"
      }
    },
    "noel": {
      "inputs": {
        "nixpkgs": [
          "nixpkgs"
        ]
      },
      "locked": {
        "lastModified": 1746931440,
        "narHash": "sha256-ci48owKQA2mn+XXC4PMepoNge9cZjyLO26s1ZLKgh+M=",
        "owner": "auguwu",
        "repo": "nixpkgs-overlay",
        "rev": "a5e9c48a05706a12e664bff53e14c6608e3698d2",
        "type": "github"
      },
      "original": {
        "owner": "auguwu",
        "repo": "nixpkgs-overlay",
        "type": "github"
      }
    },
    "noelware": {
      "inputs": {
        "nixpkgs": [
          "nixpkgs"
        ]
      },
      "locked": {
        "lastModified": 1742964344,
        "narHash": "sha256-tJfZSIEbkGCojrhDJcRGbaQEvKbU87iAiDfJn39G4VA=",
        "owner": "Noelware",
        "repo": "nixpkgs-noelware",
        "rev": "7e750c217df4d3ae722a6b25716859406f6ce461",
        "type": "github"
      },
      "original": {
        "owner": "Noelware",
        "repo": "nixpkgs-noelware",
        "type": "github"
      }
    },
    "root": {
      "inputs": {
        "darwin": "darwin",
        "hardware": "hardware",
        "home-manager": "home-manager",
        "nixpkgs": "nixpkgs",
        "noel": "noel",
        "noelware": "noelware",
        "sops-nix": "sops-nix",
        "vscode-insiders": "vscode-insiders"
      }
    },
    "sops-nix": {
      "inputs": {
        "nixpkgs": [
          "nixpkgs"
        ]
      },
      "locked": {
        "lastModified": 1747603214,
        "narHash": "sha256-lAblXm0VwifYCJ/ILPXJwlz0qNY07DDYdLD+9H+Wc8o=",
        "owner": "Mic92",
        "repo": "sops-nix",
        "rev": "8d215e1c981be3aa37e47aeabd4e61bb069548fd",
        "type": "github"
      },
      "original": {
        "owner": "Mic92",
        "repo": "sops-nix",
        "type": "github"
      }
    },
    "vscode-insiders": {
      "inputs": {
        "nixpkgs": [
          "nixpkgs"
        ]
      },
      "locked": {
        "lastModified": 1748074214,
        "narHash": "sha256-XDnB/b6FLGYvtVsMUnAvklyeScovvh7BrlsYlch8YC0=",
        "owner": "auguwu",
        "repo": "vscode-insiders-nix",
        "rev": "91ef8a370d5da38a6241363fee48e3af2f2c5e62",
        "type": "github"
      },
      "original": {
        "owner": "auguwu",
        "repo": "vscode-insiders-nix",
        "type": "github"
      }
    }
  },
  "root": "root",
  "version": 7
}
